{
  "requires": true,
  "lockfileVersion": 1,
  "dependencies": {
    "@infor/documentation-css": {
      "version": "0.1.24",
      "resolved": "http://npm.infor.com:4873/@infor%2fdocumentation-css/-/documentation-css-0.1.24.tgz",
      "integrity": "sha512-8f7LIhWrlEXTxKVC2Z1zue9sgzhoSop7KQCjFjZlH4Xf/PeBTKv+D8MA50RWfIT2dAMZRlQIi+rzjXiQ5SqeuQ=="
    }
  }
}
