{
  "requires": true,
  "lockfileVersion": 1,
  "dependencies": {
    "ids-css": {
      "version": "1.2.8",
      "resolved": "https://registry.npmjs.org/ids-css/-/ids-css-1.2.8.tgz",
      "integrity": "sha512-3/z1naFHH2qOEzbR81LKVYCOrG8j0u5vopMInk5iqCsPPM37bVddAaxdMrgvJ4zfS7mERDF9MgSSr8N6NfHjOw==",
      "dev": true,
      "requires": {
        "scripts": "0.1.0"
      }
    },
    "scripts": {
      "version": "0.1.0",
      "resolved": "https://registry.npmjs.org/scripts/-/scripts-0.1.0.tgz",
      "integrity": "sha1-PrGXE7WtH1i8PjnOY2Bta+qgBpM=",
      "dev": true
    }
  }
}
